# THIS IS AN AUTOGENERATED FILE. DO NOT EDIT THIS FILE DIRECTLY.
# yarn lockfile v1


"@formatjs/ecma402-abstract@2.2.4":
  version "2.2.4"
  resolved "https://registry.yarnpkg.com/@formatjs/ecma402-abstract/-/ecma402-abstract-2.2.4.tgz#355e42d375678229d46dc8ad7a7139520dd03e7b"
  integrity sha512-lFyiQDVvSbQOpU+WFd//ILolGj4UgA/qXrKeZxdV14uKiAUiPAtX6XAn7WBCRi7Mx6I7EybM9E5yYn4BIpZWYg==
  dependencies:
    "@formatjs/fast-memoize" "2.2.3"
    "@formatjs/intl-localematcher" "0.5.8"
    tslib "2"

"@formatjs/fast-memoize@2.2.3":
  version "2.2.3"
  resolved "https://registry.yarnpkg.com/@formatjs/fast-memoize/-/fast-memoize-2.2.3.tgz#74e64109279d5244f9fc281f3ae90c407cece823"
  integrity sha512-3jeJ+HyOfu8osl3GNSL4vVHUuWFXR03Iz9jjgI7RwjG6ysu/Ymdr0JRCPHfF5yGbTE6JCrd63EpvX1/WybYRbA==
  dependencies:
    tslib "2"

"@formatjs/icu-messageformat-parser@2.9.4":
  version "2.9.4"
  resolved "https://registry.yarnpkg.com/@formatjs/icu-messageformat-parser/-/icu-messageformat-parser-2.9.4.tgz#52501fbdc122a86097644f03ae1117b9ced00872"
  integrity sha512-Tbvp5a9IWuxUcpWNIW6GlMQYEc4rwNHR259uUFoKWNN1jM9obf9Ul0e+7r7MvFOBNcN+13K7NuKCKqQiAn1QEg==
  dependencies:
    "@formatjs/ecma402-abstract" "2.2.4"
    "@formatjs/icu-skeleton-parser" "1.8.8"
    tslib "2"

"@formatjs/icu-skeleton-parser@1.8.8":
  version "1.8.8"
  resolved "https://registry.yarnpkg.com/@formatjs/icu-skeleton-parser/-/icu-skeleton-parser-1.8.8.tgz#a16eff7fd040acf096fb1853c99527181d38cf90"
  integrity sha512-vHwK3piXwamFcx5YQdCdJxUQ1WdTl6ANclt5xba5zLGDv5Bsur7qz8AD7BevaKxITwpgDeU0u8My3AIibW9ywA==
  dependencies:
    "@formatjs/ecma402-abstract" "2.2.4"
    tslib "2"

"@formatjs/intl-displaynames@6.8.5":
  version "6.8.5"
  resolved "https://registry.yarnpkg.com/@formatjs/intl-displaynames/-/intl-displaynames-6.8.5.tgz#e9cd778764209534795f2a579d0269b26631d1ae"
  integrity sha512-85b+GdAKCsleS6cqVxf/Aw/uBd+20EM0wDpgaxzHo3RIR3bxF4xCJqH/Grbzx8CXurTgDDZHPdPdwJC+May41w==
  dependencies:
    "@formatjs/ecma402-abstract" "2.2.4"
    "@formatjs/intl-localematcher" "0.5.8"
    tslib "2"

"@formatjs/intl-listformat@7.7.5":
  version "7.7.5"
  resolved "https://registry.yarnpkg.com/@formatjs/intl-listformat/-/intl-listformat-7.7.5.tgz#e7d9fd66b648bbe878f9c64fcba756f1634a7794"
  integrity sha512-Wzes10SMNeYgnxYiKsda4rnHP3Q3II4XT2tZyOgnH5fWuHDtIkceuWlRQNsvrI3uiwP4hLqp2XdQTCsfkhXulg==
  dependencies:
    "@formatjs/ecma402-abstract" "2.2.4"
    "@formatjs/intl-localematcher" "0.5.8"
    tslib "2"

"@formatjs/intl-localematcher@0.5.8":
  version "0.5.8"
  resolved "https://registry.yarnpkg.com/@formatjs/intl-localematcher/-/intl-localematcher-0.5.8.tgz#b11bbd04bd3551f7cadcb1ef1e231822d0e3c97e"
  integrity sha512-I+WDNWWJFZie+jkfkiK5Mp4hEDyRSEvmyfYadflOno/mmKJKcB17fEpEH0oJu/OWhhCJ8kJBDz2YMd/6cDl7Mg==
  dependencies:
    tslib "2"

"@formatjs/intl@2.10.15":
  version "2.10.15"
  resolved "https://registry.yarnpkg.com/@formatjs/intl/-/intl-2.10.15.tgz#c592507512d7827c760b74bb8afc37629f89523a"
  integrity sha512-i6+xVqT+6KCz7nBfk4ybMXmbKO36tKvbMKtgFz9KV+8idYFyFbfwKooYk8kGjyA5+T5f1kEPQM5IDLXucTAQ9g==
  dependencies:
    "@formatjs/ecma402-abstract" "2.2.4"
    "@formatjs/fast-memoize" "2.2.3"
    "@formatjs/icu-messageformat-parser" "2.9.4"
    "@formatjs/intl-displaynames" "6.8.5"
    "@formatjs/intl-listformat" "7.7.5"
    intl-messageformat "10.7.7"
    tslib "2"

"@types/hoist-non-react-statics@3":
  version "3.3.5"
  resolved "https://registry.yarnpkg.com/@types/hoist-non-react-statics/-/hoist-non-react-statics-3.3.5.tgz#dab7867ef789d87e2b4b0003c9d65c49cc44a494"
  integrity sha512-SbcrWzkKBw2cdwRTwQAswfpB9g9LJWfjtUeW/jvNwbhC8cpmmNYVePa+ncbUe0rGTQ7G3Ff6mYUN2VMfLVr+Sg==
  dependencies:
    "@types/react" "*"
    hoist-non-react-statics "^3.3.0"

"@types/prop-types@*":
  version "15.7.13"
  resolved "https://registry.yarnpkg.com/@types/prop-types/-/prop-types-15.7.13.tgz#2af91918ee12d9d32914feb13f5326658461b451"
  integrity sha512-hCZTSvwbzWGvhqxp/RqVqwU999pBf2vp7hzIjiYOsl8wqOmUxkQ6ddw1cV3l8811+kdUFus/q4d1Y3E3SyEifA==

"@types/react@*", "@types/react@16 || 17 || 18":
  version "18.3.12"
  resolved "https://registry.yarnpkg.com/@types/react/-/react-18.3.12.tgz#99419f182ccd69151813b7ee24b792fe08774f60"
  integrity sha512-D2wOSq/d6Agt28q7rSI3jhU7G6aiuzljDGZ2hTZHIkrTLUI+AF3WMeKkEZ9nN2fkBAlcktT6vcZjDFiIhMYEQw==
  dependencies:
    "@types/prop-types" "*"
    csstype "^3.0.2"

classnames@^2.3.2:
  version "2.5.1"
  resolved "https://registry.yarnpkg.com/classnames/-/classnames-2.5.1.tgz#ba774c614be0f016da105c858e7159eae8e7687b"
  integrity sha512-saHYOzhIQs6wy2sVxTM6bUDsQO4F50V9RQ22qBpEdCW+I+/Wmke2HOl6lS6dTpdxVhb88/I6+Hs+438c3lfUow==

csstype@^3.0.2:
  version "3.1.3"
  resolved "https://registry.yarnpkg.com/csstype/-/csstype-3.1.3.tgz#d80ff294d114fb0e6ac500fbf85b60137d7eff81"
  integrity sha512-M1uQkMl8rQK/szD0LNhtqxIPLpimGm8sOBwU7lLnCpSbTyY3yeU1Vc7l4KT5zT4s/yOxHH5O7tIuuLOCnLADRw==

hoist-non-react-statics@3, hoist-non-react-statics@^3.3.0:
  version "3.3.2"
  resolved "https://registry.yarnpkg.com/hoist-non-react-statics/-/hoist-non-react-statics-3.3.2.tgz#ece0acaf71d62c2969c2ec59feff42a4b1a85b45"
  integrity sha512-/gGivxi8JPKWNm/W0jSmzcMPpfpPLc3dY/6GxhX2hQ9iGj3aDfklV4ET7NjKpSinLpJ5vafa9iiGIEZg10SfBw==
  dependencies:
    react-is "^16.7.0"

intl-messageformat@10.7.7:
  version "10.7.7"
  resolved "https://registry.yarnpkg.com/intl-messageformat/-/intl-messageformat-10.7.7.tgz#42085e1664729d02240a03346e31a2540b1112a0"
  integrity sha512-F134jIoeYMro/3I0h08D0Yt4N9o9pjddU/4IIxMMURqbAtI2wu70X8hvG1V48W49zXHXv3RKSF/po+0fDfsGjA==
  dependencies:
    "@formatjs/ecma402-abstract" "2.2.4"
    "@formatjs/fast-memoize" "2.2.3"
    "@formatjs/icu-messageformat-parser" "2.9.4"
    tslib "2"

"js-tokens@^3.0.0 || ^4.0.0":
  version "4.0.0"
  resolved "https://registry.yarnpkg.com/js-tokens/-/js-tokens-4.0.0.tgz#19203fb59991df98e3a287050d4647cdeaf32499"
  integrity sha512-RdJUflcE3cUzKiMqQgsCu06FPu9UdIJO0beYbPhHN4k6apgJtifcoCtT9bcxOpYBtpD2kCM6Sbzg4CausW/PKQ==

loose-envify@^1.1.0:
  version "1.4.0"
  resolved "https://registry.yarnpkg.com/loose-envify/-/loose-envify-1.4.0.tgz#71ee51fa7be4caec1a63839f7e682d8132d30caf"
  integrity sha512-lyuxPGr/Wfhrlem2CL/UcnUc1zcqKAImBDzukY7Y5F/yQiNdko6+fRLevlw1HgMySw7f611UIY408EtxRSoK3Q==
  dependencies:
    js-tokens "^3.0.0 || ^4.0.0"

react-intl@^6.3.0:
  version "6.8.9"
  resolved "https://registry.yarnpkg.com/react-intl/-/react-intl-6.8.9.tgz#ef36b2a19a0eb97afbeaeab9679273fcbf2ea261"
  integrity sha512-TUfj5E7lyUDvz/GtovC9OMh441kBr08rtIbgh3p0R8iF3hVY+V2W9Am7rb8BpJ/29BH1utJOqOOhmvEVh3GfZg==
  dependencies:
    "@formatjs/ecma402-abstract" "2.2.4"
    "@formatjs/icu-messageformat-parser" "2.9.4"
    "@formatjs/intl" "2.10.15"
    "@formatjs/intl-displaynames" "6.8.5"
    "@formatjs/intl-listformat" "7.7.5"
    "@types/hoist-non-react-statics" "3"
    "@types/react" "16 || 17 || 18"
    hoist-non-react-statics "3"
    intl-messageformat "10.7.7"
    tslib "2"

react-is@^16.7.0:
  version "16.13.1"
  resolved "https://registry.yarnpkg.com/react-is/-/react-is-16.13.1.tgz#789729a4dc36de2999dc156dd6c1d9c18cea56a4"
  integrity sha512-24e6ynE2H+OKt4kqsOvNd8kBpV65zoxbA4BVsEOB3ARVWQki/DHzaUoC5KuON/BiccDaCCTZBuOcfZs70kR8bQ==

react@^18.2.0:
  version "18.3.1"
  resolved "https://registry.yarnpkg.com/react/-/react-18.3.1.tgz#49ab892009c53933625bd16b2533fc754cab2891"
  integrity sha512-wS+hAgJShR0KhEvPJArfuPVN1+Hz1t0Y6n5jLrGQbkb4urgPE/0Rve+1kMB1v/oWgHgm4WIcV+i7F2pTVj+2iQ==
  dependencies:
    loose-envify "^1.1.0"

tslib@2:
  version "2.8.1"
  resolved "https://registry.yarnpkg.com/tslib/-/tslib-2.8.1.tgz#612efe4ed235d567e8aba5f2a5fab70280ade83f"
  integrity sha512-oJFu94HQb+KVduSUQL7wnpmqnfmLsOA/nAh6b6EH0wCEoK0/mPeXU6c3wKDV83MkOuHPRHtSXKKU99IBazS/2w==

"vtex.css-handles@http://vtex.vtexassets.com/_v/public/typings/v1/vtex.css-handles@1.0.0/public/@types/vtex.css-handles":
  version "1.0.0"
  resolved "http://vtex.vtexassets.com/_v/public/typings/v1/vtex.css-handles@1.0.0/public/@types/vtex.css-handles#336b23ef3a9bcb2b809529ba736783acd405d081"
